{
  "name": "prover",
  "version": "1.0.0",
  "lockfileVersion": 3,
  "requires": true,
  "packages": {
    "": {
      "name": "prover",
      "version": "1.0.0",
      "license": "ISC",
      "dependencies": {
        "circomlib": "^2.0.5",
        "keccak256-circom": "git+https://github.com/vocdoni/keccak256-circom"
      }
    },
    "node_modules/circomlib": {
      "version": "2.0.5",
      "resolved": "https://registry.npmjs.org/circomlib/-/circomlib-2.0.5.tgz",
      "integrity": "sha512-O7NQ8OS+J4eshBuoy36z/TwQU0YHw8W3zxZcs4hVwpEll3e4hDm3mgkIPqItN8FDeLEKZFK3YeT/+k8TiLF3/A==",
      "license": "GPL-3.0"
    },
    "node_modules/keccak256-circom": {
      "name": "keccak-circom",
      "version": "0.0.1",
      "resolved": "git+ssh://git@github.com/vocdoni/keccak256-circom.git#af3e89816b46366e3fb9ff551be819357637f09b",
      "license": "GPL-3.0",
      "dependencies": {
        "circomlib": "^2.0.1"
      }
    }
  }
}
